// !$*UTF8*$!
{
	archiveVersion = 1;
	classes = {
	};
	objectVersion = 50;
	objects = {

/* Begin PBXBuildFile section */
		6988F0C224847FAF005D6A4E /* AppDelegate.swift in Sources */ = {isa = PBXBuildFile; fileRef = 6988F0C124847FAF005D6A4E /* AppDelegate.swift */; };
		6988F0C424847FAF005D6A4E /* SceneDelegate.swift in Sources */ = {isa = PBXBuildFile; fileRef = 6988F0C324847FAF005D6A4E /* SceneDelegate.swift */; };
		6988F0C924847FAF005D6A4E /* Main.storyboard in Resources */ = {isa = PBXBuildFile; fileRef = 6988F0C724847FAF005D6A4E /* Main.storyboard */; };
		6988F0CC24847FAF005D6A4E /* toDoList.xcdatamodeld in Sources */ = {isa = PBXBuildFile; fileRef = 6988F0CA24847FAF005D6A4E /* toDoList.xcdatamodeld */; };
		6988F0CE24847FB3005D6A4E /* Assets.xcassets in Resources */ = {isa = PBXBuildFile; fileRef = 6988F0CD24847FB3005D6A4E /* Assets.xcassets */; };
		6988F0D124847FB3005D6A4E /* LaunchScreen.storyboard in Resources */ = {isa = PBXBuildFile; fileRef = 6988F0CF24847FB3005D6A4E /* LaunchScreen.storyboard */; };
		6988F0DC24847FB4005D6A4E /* toDoListTests.swift in Sources */ = {isa = PBXBuildFile; fileRef = 6988F0DB24847FB4005D6A4E /* toDoListTests.swift */; };
		6988F0E7248483CE005D6A4E /* ToDoTableViewController.swift in Sources */ = {isa = PBXBuildFile; fileRef = 6988F0E6248483CE005D6A4E /* ToDoTableViewController.swift */; };
		6988F0E924848470005D6A4E /* toDo.swift in Sources */ = {isa = PBXBuildFile; fileRef = 6988F0E824848470005D6A4E /* toDo.swift */; };
		6988F0EB24848C0A005D6A4E /* AddToDoViewController.swift in Sources */ = {isa = PBXBuildFile; fileRef = 6988F0EA24848C0A005D6A4E /* AddToDoViewController.swift */; };
		6988F0ED24849A33005D6A4E /* CompleteToDoViewController.swift in Sources */ = {isa = PBXBuildFile; fileRef = 6988F0EC24849A33005D6A4E /* CompleteToDoViewController.swift */; };
/* End PBXBuildFile section */

/* Begin PBXContainerItemProxy section */
		6988F0D824847FB4005D6A4E /* PBXContainerItemProxy */ = {
			isa = PBXContainerItemProxy;
			containerPortal = 6988F0B624847FAF005D6A4E /* Project object */;
			proxyType = 1;
			remoteGlobalIDString = 6988F0BD24847FAF005D6A4E;
			remoteInfo = toDoList;
		};
/* End PBXContainerItemProxy section */

/* Begin PBXFileReference section */
		6988F0BE24847FAF005D6A4E /* toDoList.app */ = {isa = PBXFileReference; explicitFileType = wrapper.application; includeInIndex = 0; path = toDoList.app; sourceTree = BUILT_PRODUCTS_DIR; };
		6988F0C124847FAF005D6A4E /* AppDelegate.swift */ = {isa = PBXFileReference; lastKnownFileType = sourcecode.swift; path = AppDelegate.swift; sourceTree = "<group>"; };
		6988F0C324847FAF005D6A4E /* SceneDelegate.swift */ = {isa = PBXFileReference; lastKnownFileType = sourcecode.swift; path = SceneDelegate.swift; sourceTree = "<group>"; };
		6988F0C824847FAF005D6A4E /* Base */ = {isa = PBXFileReference; lastKnownFileType = file.storyboard; name = Base; path = Base.lproj/Main.storyboard; sourceTree = "<group>"; };
		6988F0CB24847FAF005D6A4E /* toDoList.xcdatamodel */ = {isa = PBXFileReference; lastKnownFileType = wrapper.xcdatamodel; path = toDoList.xcdatamodel; sourceTree = "<group>"; };
		6988F0CD24847FB3005D6A4E /* Assets.xcassets */ = {isa = PBXFileReference; lastKnownFileType = folder.assetcatalog; path = Assets.xcassets; sourceTree = "<group>"; };
		6988F0D024847FB3005D6A4E /* Base */ = {isa = PBXFileReference; lastKnownFileType = file.storyboard; name = Base; path = Base.lproj/LaunchScreen.storyboard; sourceTree = "<group>"; };
		6988F0D224847FB3005D6A4E /* Info.plist */ = {isa = PBXFileReference; lastKnownFileType = text.plist.xml; path = Info.plist; sourceTree = "<group>"; };
		6988F0D724847FB4005D6A4E /* toDoListTests.xctest */ = {isa = PBXFileReference; explicitFileType = wrapper.cfbundle; includeInIndex = 0; path = toDoListTests.xctest; sourceTree = BUILT_PRODUCTS_DIR; };
		6988F0DB24847FB4005D6A4E /* toDoListTests.swift */ = {isa = PBXFileReference; lastKnownFileType = sourcecode.swift; path = toDoListTests.swift; sourceTree = "<group>"; };
		6988F0DD24847FB4005D6A4E /* Info.plist */ = {isa = PBXFileReference; lastKnownFileType = text.plist.xml; path = Info.plist; sourceTree = "<group>"; };
		6988F0E6248483CE005D6A4E /* ToDoTableViewController.swift */ = {isa = PBXFileReference; lastKnownFileType = sourcecode.swift; path = ToDoTableViewController.swift; sourceTree = "<group>"; };
		6988F0E824848470005D6A4E /* toDo.swift */ = {isa = PBXFileReference; lastKnownFileType = sourcecode.swift; path = toDo.swift; sourceTree = "<group>"; };
		6988F0EA24848C0A005D6A4E /* AddToDoViewController.swift */ = {isa = PBXFileReference; lastKnownFileType = sourcecode.swift; path = AddToDoViewController.swift; sourceTree = "<group>"; };
		6988F0EC24849A33005D6A4E /* CompleteToDoViewController.swift */ = {isa = PBXFileReference; lastKnownFileType = sourcecode.swift; path = CompleteToDoViewController.swift; sourceTree = "<group>"; };
/* End PBXFileReference section */

/* Begin PBXFrameworksBuildPhase section */
		6988F0BB24847FAF005D6A4E /* Frameworks */ = {
			isa = PBXFrameworksBuildPhase;
			buildActionMask = 2147483647;
			files = (
			);
			runOnlyForDeploymentPostprocessing = 0;
		};
		6988F0D424847FB4005D6A4E /* Frameworks */ = {
			isa = PBXFrameworksBuildPhase;
			buildActionMask = 2147483647;
			files = (
			);
			runOnlyForDeploymentPostprocessing = 0;
		};
/* End PBXFrameworksBuildPhase section */

/* Begin PBXGroup section */
		6988F0B524847FAF005D6A4E = {
			isa = PBXGroup;
			children = (
				6988F0C024847FAF005D6A4E /* toDoList */,
				6988F0DA24847FB4005D6A4E /* toDoListTests */,
				6988F0BF24847FAF005D6A4E /* Products */,
			);
			sourceTree = "<group>";
		};
		6988F0BF24847FAF005D6A4E /* Products */ = {
			isa = PBXGroup;
			children = (
				6988F0BE24847FAF005D6A4E /* toDoList.app */,
				6988F0D724847FB4005D6A4E /* toDoListTests.xctest */,
			);
			name = Products;
			sourceTree = "<group>";
		};
		6988F0C024847FAF005D6A4E /* toDoList */ = {
			isa = PBXGroup;
			children = (
				6988F0C124847FAF005D6A4E /* AppDelegate.swift */,
				6988F0C324847FAF005D6A4E /* SceneDelegate.swift */,
				6988F0C724847FAF005D6A4E /* Main.storyboard */,
				6988F0CD24847FB3005D6A4E /* Assets.xcassets */,
				6988F0CF24847FB3005D6A4E /* LaunchScreen.storyboard */,
				6988F0D224847FB3005D6A4E /* Info.plist */,
				6988F0CA24847FAF005D6A4E /* toDoList.xcdatamodeld */,
				6988F0E6248483CE005D6A4E /* ToDoTableViewController.swift */,
				6988F0E824848470005D6A4E /* toDo.swift */,
				6988F0EA24848C0A005D6A4E /* AddToDoViewController.swift */,
				6988F0EC24849A33005D6A4E /* CompleteToDoViewController.swift */,
			);
			path = toDoList;
			sourceTree = "<group>";
		};
		6988F0DA24847FB4005D6A4E /* toDoListTests */ = {
			isa = PBXGroup;
			children = (
				6988F0DB24847FB4005D6A4E /* toDoListTests.swift */,
				6988F0DD24847FB4005D6A4E /* Info.plist */,
			);
			path = toDoListTests;
			sourceTree = "<group>";
		};
/* End PBXGroup section */

/* Begin PBXNativeTarget section */
		6988F0BD24847FAF005D6A4E /* toDoList */ = {
			isa = PBXNativeTarget;
			buildConfigurationList = 6988F0E024847FB4005D6A4E /* Build configuration list for PBXNativeTarget "toDoList" */;
			buildPhases = (
				6988F0BA24847FAF005D6A4E /* Sources */,
				6988F0BB24847FAF005D6A4E /* Frameworks */,
				6988F0BC24847FAF005D6A4E /* Resources */,
			);
			buildRules = (
			);
			dependencies = (
			);
			name = toDoList;
			productName = toDoList;
			productReference = 6988F0BE24847FAF005D6A4E /* toDoList.app */;
			productType = "com.apple.product-type.application";
		};
		6988F0D624847FB4005D6A4E /* toDoListTests */ = {
			isa = PBXNativeTarget;
			buildConfigurationList = 6988F0E324847FB4005D6A4E /* Build configuration list for PBXNativeTarget "toDoListTests" */;
			buildPhases = (
				6988F0D324847FB4005D6A4E /* Sources */,
				6988F0D424847FB4005D6A4E /* Frameworks */,
				6988F0D524847FB4005D6A4E /* Resources */,
			);
			buildRules = (
			);
			dependencies = (
				6988F0D924847FB4005D6A4E /* PBXTargetDependency */,
			);
			name = toDoListTests;
			productName = toDoListTests;
			productReference = 6988F0D724847FB4005D6A4E /* toDoListTests.xctest */;
			productType = "com.apple.product-type.bundle.unit-test";
		};
/* End PBXNativeTarget section */

/* Begin PBXProject section */
		6988F0B624847FAF005D6A4E /* Project object */ = {
			isa = PBXProject;
			attributes = {
				LastSwiftUpdateCheck = 1140;
				LastUpgradeCheck = 1140;
				ORGANIZATIONNAME = "Ilana Rubin";
				TargetAttributes = {
					6988F0BD24847FAF005D6A4E = {
						CreatedOnToolsVersion = 11.4.1;
					};
					6988F0D624847FB4005D6A4E = {
						CreatedOnToolsVersion = 11.4.1;
						TestTargetID = 6988F0BD24847FAF005D6A4E;
					};
				};
			};
			buildConfigurationList = 6988F0B924847FAF005D6A4E /* Build configuration list for PBXProject "toDoList" */;
			compatibilityVersion = "Xcode 9.3";
			developmentRegion = en;
			hasScannedForEncodings = 0;
			knownRegions = (
				en,
				Base,
			);
			mainGroup = 6988F0B524847FAF005D6A4E;
			productRefGroup = 6988F0BF24847FAF005D6A4E /* Products */;
			projectDirPath = "";
			projectRoot = "";
			targets = (
				6988F0BD24847FAF005D6A4E /* toDoList */,
				6988F0D624847FB4005D6A4E /* toDoListTests */,
			);
		};
/* End PBXProject section */

/* Begin PBXResourcesBuildPhase section */
		6988F0BC24847FAF005D6A4E /* Resources */ = {
			isa = PBXResourcesBuildPhase;
			buildActionMask = 2147483647;
			files = (
				6988F0D124847FB3005D6A4E /* LaunchScreen.storyboard in Resources */,
				6988F0CE24847FB3005D6A4E /* Assets.xcassets in Resources */,
				6988F0C924847FAF005D6A4E /* Main.storyboard in Resources */,
			);
			runOnlyForDeploymentPostprocessing = 0;
		};
		6988F0D524847FB4005D6A4E /* Resources */ = {
			isa = PBXResourcesBuildPhase;
			buildActionMask = 2147483647;
			files = (
			);
			runOnlyForDeploymentPostprocessing = 0;
		};
/* End PBXResourcesBuildPhase section */

/* Begin PBXSourcesBuildPhase section */
		6988F0BA24847FAF005D6A4E /* Sources */ = {
			isa = PBXSourcesBuildPhase;
			buildActionMask = 2147483647;
			files = (
				6988F0C224847FAF005D6A4E /* AppDelegate.swift in Sources */,
				6988F0E7248483CE005D6A4E /* ToDoTableViewController.swift in Sources */,
				6988F0C424847FAF005D6A4E /* SceneDelegate.swift in Sources */,
				6988F0ED24849A33005D6A4E /* CompleteToDoViewController.swift in Sources */,
				6988F0E924848470005D6A4E /* toDo.swift in Sources */,
				6988F0EB24848C0A005D6A4E /* AddToDoViewController.swift in Sources */,
				6988F0CC24847FAF005D6A4E /* toDoList.xcdatamodeld in Sources */,
			);
			runOnlyForDeploymentPostprocessing = 0;
		};
		6988F0D324847FB4005D6A4E /* Sources */ = {
			isa = PBXSourcesBuildPhase;
			buildActionMask = 2147483647;
			files = (
				6988F0DC24847FB4005D6A4E /* toDoListTests.swift in Sources */,
			);
			runOnlyForDeploymentPostprocessing = 0;
		};
/* End PBXSourcesBuildPhase section */

/* Begin PBXTargetDependency section */
		6988F0D924847FB4005D6A4E /* PBXTargetDependency */ = {
			isa = PBXTargetDependency;
			target = 6988F0BD24847FAF005D6A4E /* toDoList */;
			targetProxy = 6988F0D824847FB4005D6A4E /* PBXContainerItemProxy */;
		};
/* End PBXTargetDependency section */

/* Begin PBXVariantGroup section */
		6988F0C724847FAF005D6A4E /* Main.storyboard */ = {
			isa = PBXVariantGroup;
			children = (
				6988F0C824847FAF005D6A4E /* Base */,
			);
			name = Main.storyboard;
			sourceTree = "<group>";
		};
		6988F0CF24847FB3005D6A4E /* LaunchScreen.storyboard */ = {
			isa = PBXVariantGroup;
			children = (
				6988F0D024847FB3005D6A4E /* Base */,
			);
			name = LaunchScreen.storyboard;
			sourceTree = "<group>";
		};
/* End PBXVariantGroup section */

/* Begin XCBuildConfiguration section */
		6988F0DE24847FB4005D6A4E /* Debug */ = {
			isa = XCBuildConfiguration;
			buildSettings = {
				ALWAYS_SEARCH_USER_PATHS = NO;
				CLANG_ANALYZER_NONNULL = YES;
				CLANG_ANALYZER_NUMBER_OBJECT_CONVERSION = YES_AGGRESSIVE;
				CLANG_CXX_LANGUAGE_STANDARD = "gnu++14";
				CLANG_CXX_LIBRARY = "libc++";
				CLANG_ENABLE_MODULES = YES;
				CLANG_ENABLE_OBJC_ARC = YES;
				CLANG_ENABLE_OBJC_WEAK = YES;
				CLANG_WARN_BLOCK_CAPTURE_AUTORELEASING = YES;
				CLANG_WARN_BOOL_CONVERSION = YES;
				CLANG_WARN_COMMA = YES;
				CLANG_WARN_CONSTANT_CONVERSION = YES;
				CLANG_WARN_DEPRECATED_OBJC_IMPLEMENTATIONS = YES;
				CLANG_WARN_DIRECT_OBJC_ISA_USAGE = YES_ERROR;
				CLANG_WARN_DOCUMENTATION_COMMENTS = YES;
				CLANG_WARN_EMPTY_BODY = YES;
				CLANG_WARN_ENUM_CONVERSION = YES;
				CLANG_WARN_INFINITE_RECURSION = YES;
				CLANG_WARN_INT_CONVERSION = YES;
				CLANG_WARN_NON_LITERAL_NULL_CONVERSION = YES;
				CLANG_WARN_OBJC_IMPLICIT_RETAIN_SELF = YES;
				CLANG_WARN_OBJC_LITERAL_CONVERSION = YES;
				CLANG_WARN_OBJC_ROOT_CLASS = YES_ERROR;
				CLANG_WARN_RANGE_LOOP_ANALYSIS = YES;
				CLANG_WARN_STRICT_PROTOTYPES = YES;
				CLANG_WARN_SUSPICIOUS_MOVE = YES;
				CLANG_WARN_UNGUARDED_AVAILABILITY = YES_AGGRESSIVE;
				CLANG_WARN_UNREACHABLE_CODE = YES;
				CLANG_WARN__DUPLICATE_METHOD_MATCH = YES;
				COPY_PHASE_STRIP = NO;
				DEBUG_INFORMATION_FORMAT = dwarf;
				ENABLE_STRICT_OBJC_MSGSEND = YES;
				ENABLE_TESTABILITY = YES;
				GCC_C_LANGUAGE_STANDARD = gnu11;
				GCC_DYNAMIC_NO_PIC = NO;
				GCC_NO_COMMON_BLOCKS = YES;
				GCC_OPTIMIZATION_LEVEL = 0;
				GCC_PREPROCESSOR_DEFINITIONS = (
					"DEBUG=1",
					"$(inherited)",
				);
				GCC_WARN_64_TO_32_BIT_CONVERSION = YES;
				GCC_WARN_ABOUT_RETURN_TYPE = YES_ERROR;
				GCC_WARN_UNDECLARED_SELECTOR = YES;
				GCC_WARN_UNINITIALIZED_AUTOS = YES_AGGRESSIVE;
				GCC_WARN_UNUSED_FUNCTION = YES;
				GCC_WARN_UNUSED_VARIABLE = YES;
				IPHONEOS_DEPLOYMENT_TARGET = 13.4;
				MTL_ENABLE_DEBUG_INFO = INCLUDE_SOURCE;
				MTL_FAST_MATH = YES;
				ONLY_ACTIVE_ARCH = YES;
				SDKROOT = iphoneos;
				SWIFT_ACTIVE_COMPILATION_CONDITIONS = DEBUG;
				SWIFT_OPTIMIZATION_LEVEL = "-Onone";
			};
			name = Debug;
		};
		6988F0DF24847FB4005D6A4E /* Release */ = {
			isa = XCBuildConfiguration;
			buildSettings = {
				ALWAYS_SEARCH_USER_PATHS = NO;
				CLANG_ANALYZER_NONNULL = YES;
				CLANG_ANALYZER_NUMBER_OBJECT_CONVERSION = YES_AGGRESSIVE;
				CLANG_CXX_LANGUAGE_STANDARD = "gnu++14";
				CLANG_CXX_LIBRARY = "libc++";
				CLANG_ENABLE_MODULES = YES;
				CLANG_ENABLE_OBJC_ARC = YES;
				CLANG_ENABLE_OBJC_WEAK = YES;
				CLANG_WARN_BLOCK_CAPTURE_AUTORELEASING = YES;
				CLANG_WARN_BOOL_CONVERSION = YES;
				CLANG_WARN_COMMA = YES;
				CLANG_WARN_CONSTANT_CONVERSION = YES;
				CLANG_WARN_DEPRECATED_OBJC_IMPLEMENTATIONS = YES;
				CLANG_WARN_DIRECT_OBJC_ISA_USAGE = YES_ERROR;
				CLANG_WARN_DOCUMENTATION_COMMENTS = YES;
				CLANG_WARN_EMPTY_BODY = YES;
				CLANG_WARN_ENUM_CONVERSION = YES;
				CLANG_WARN_INFINITE_RECURSION = YES;
				CLANG_WARN_INT_CONVERSION = YES;
				CLANG_WARN_NON_LITERAL_NULL_CONVERSION = YES;
				CLANG_WARN_OBJC_IMPLICIT_RETAIN_SELF = YES;
				CLANG_WARN_OBJC_LITERAL_CONVERSION = YES;
				CLANG_WARN_OBJC_ROOT_CLASS = YES_ERROR;
				CLANG_WARN_RANGE_LOOP_ANALYSIS = YES;
				CLANG_WARN_STRICT_PROTOTYPES = YES;
				CLANG_WARN_SUSPICIOUS_MOVE = YES;
				CLANG_WARN_UNGUARDED_AVAILABILITY = YES_AGGRESSIVE;
				CLANG_WARN_UNREACHABLE_CODE = YES;
				CLANG_WARN__DUPLICATE_METHOD_MATCH = YES;
				COPY_PHASE_STRIP = NO;
				DEBUG_INFORMATION_FORMAT = "dwarf-with-dsym";
				ENABLE_NS_ASSERTIONS = NO;
				ENABLE_STRICT_OBJC_MSGSEND = YES;
				GCC_C_LANGUAGE_STANDARD = gnu11;
				GCC_NO_COMMON_BLOCKS = YES;
				GCC_WARN_64_TO_32_BIT_CONVERSION = YES;
				GCC_WARN_ABOUT_RETURN_TYPE = YES_ERROR;
				GCC_WARN_UNDECLARED_SELECTOR = YES;
				GCC_WARN_UNINITIALIZED_AUTOS = YES_AGGRESSIVE;
				GCC_WARN_UNUSED_FUNCTION = YES;
				GCC_WARN_UNUSED_VARIABLE = YES;
				IPHONEOS_DEPLOYMENT_TARGET = 13.4;
				MTL_ENABLE_DEBUG_INFO = NO;
				MTL_FAST_MATH = YES;
				SDKROOT = iphoneos;
				SWIFT_COMPILATION_MODE = wholemodule;
				SWIFT_OPTIMIZATION_LEVEL = "-O";
				VALIDATE_PRODUCT = YES;
			};
			name = Release;
		};
		6988F0E124847FB4005D6A4E /* Debug */ = {
			isa = XCBuildConfiguration;
			buildSettings = {
				ASSETCATALOG_COMPILER_APPICON_NAME = AppIcon;
				CODE_SIGN_STYLE = Automatic;
				DEVELOPMENT_TEAM = 62H89ZT3XR;
				INFOPLIST_FILE = toDoList/Info.plist;
				LD_RUNPATH_SEARCH_PATHS = (
					"$(inherited)",
					"@executable_path/Frameworks",
				);
				PRODUCT_BUNDLE_IDENTIFIER = ilanarubin.toDoList;
				PRODUCT_NAME = "$(TARGET_NAME)";
				SWIFT_VERSION = 5.0;
				TARGETED_DEVICE_FAMILY = "1,2";
			};
			name = Debug;
		};
		6988F0E224847FB4005D6A4E /* Release */ = {
			isa = XCBuildConfiguration;
			buildSettings = {
				ASSETCATALOG_COMPILER_APPICON_NAME = AppIcon;
				CODE_SIGN_STYLE = Automatic;
				DEVELOPMENT_TEAM = 62H89ZT3XR;
				INFOPLIST_FILE = toDoList/Info.plist;
				LD_RUNPATH_SEARCH_PATHS = (
					"$(inherited)",
					"@executable_path/Frameworks",
				);
				PRODUCT_BUNDLE_IDENTIFIER = ilanarubin.toDoList;
				PRODUCT_NAME = "$(TARGET_NAME)";
				SWIFT_VERSION = 5.0;
				TARGETED_DEVICE_FAMILY = "1,2";
			};
			name = Release;
		};
		6988F0E424847FB4005D6A4E /* Debug */ = {
			isa = XCBuildConfiguration;
			buildSettings = {
				ALWAYS_EMBED_SWIFT_STANDARD_LIBRARIES = YES;
				BUNDLE_LOADER = "$(TEST_HOST)";
				CODE_SIGN_STYLE = Automatic;
				DEVELOPMENT_TEAM = 62H89ZT3XR;
				INFOPLIST_FILE = toDoListTests/Info.plist;
				IPHONEOS_DEPLOYMENT_TARGET = 13.4;
				LD_RUNPATH_SEARCH_PATHS = (
					"$(inherited)",
					"@executable_path/Frameworks",
					"@loader_path/Frameworks",
				);
				PRODUCT_BUNDLE_IDENTIFIER = ilanarubin.toDoListTests;
				PRODUCT_NAME = "$(TARGET_NAME)";
				SWIFT_VERSION = 5.0;
				TARGETED_DEVICE_FAMILY = "1,2";
				TEST_HOST = "$(BUILT_PRODUCTS_DIR)/toDoList.app/toDoList";
			};
			name = Debug;
		};
		6988F0E524847FB4005D6A4E /* Release */ = {
			isa = XCBuildConfiguration;
			buildSettings = {
				ALWAYS_EMBED_SWIFT_STANDARD_LIBRARIES = YES;
				BUNDLE_LOADER = "$(TEST_HOST)";
				CODE_SIGN_STYLE = Automatic;
				DEVELOPMENT_TEAM = 62H89ZT3XR;
				INFOPLIST_FILE = toDoListTests/Info.plist;
				IPHONEOS_DEPLOYMENT_TARGET = 13.4;
				LD_RUNPATH_SEARCH_PATHS = (
					"$(inherited)",
					"@executable_path/Frameworks",
					"@loader_path/Frameworks",
				);
				PRODUCT_BUNDLE_IDENTIFIER = ilanarubin.toDoListTests;
				PRODUCT_NAME = "$(TARGET_NAME)";
				SWIFT_VERSION = 5.0;
				TARGETED_DEVICE_FAMILY = "1,2";
				TEST_HOST = "$(BUILT_PRODUCTS_DIR)/toDoList.app/toDoList";
			};
			name = Release;
		};
/* End XCBuildConfiguration section */

/* Begin XCConfigurationList section */
		6988F0B924847FAF005D6A4E /* Build configuration list for PBXProject "toDoList" */ = {
			isa = XCConfigurationList;
			buildConfigurations = (
				6988F0DE24847FB4005D6A4E /* Debug */,
				6988F0DF24847FB4005D6A4E /* Release */,
			);
			defaultConfigurationIsVisible = 0;
			defaultConfigurationName = Release;
		};
		6988F0E024847FB4005D6A4E /* Build configuration list for PBXNativeTarget "toDoList" */ = {
			isa = XCConfigurationList;
			buildConfigurations = (
				6988F0E124847FB4005D6A4E /* Debug */,
				6988F0E224847FB4005D6A4E /* Release */,
			);
			defaultConfigurationIsVisible = 0;
			defaultConfigurationName = Release;
		};
		6988F0E324847FB4005D6A4E /* Build configuration list for PBXNativeTarget "toDoListTests" */ = {
			isa = XCConfigurationList;
			buildConfigurations = (
				6988F0E424847FB4005D6A4E /* Debug */,
				6988F0E524847FB4005D6A4E /* Release */,
			);
			defaultConfigurationIsVisible = 0;
			defaultConfigurationName = Release;
		};
/* End XCConfigurationList section */

/* Begin XCVersionGroup section */
		6988F0CA24847FAF005D6A4E /* toDoList.xcdatamodeld */ = {
			isa = XCVersionGroup;
			children = (
				6988F0CB24847FAF005D6A4E /* toDoList.xcdatamodel */,
			);
			currentVersion = 6988F0CB24847FAF005D6A4E /* toDoList.xcdatamodel */;
			path = toDoList.xcdatamodeld;
			sourceTree = "<group>";
			versionGroupType = wrapper.xcdatamodel;
		};
/* End XCVersionGroup section */
	};
	rootObject = 6988F0B624847FAF005D6A4E /* Project object */;
}
